<?xml version="1.0" encoding="utf-8"?>
<Project ToolsVersion="4.0" xmlns="http://schemas.microsoft.com/developer/msbuild/2003">
  <ItemGroup>
    <Filter Include="Source Files">
      <UniqueIdentifier>{4FC737F1-C7A5-4376-A066-2A32D752A2FF}</UniqueIdentifier>
      <Extensions>cpp;c;cc;cxx;def;odl;idl;hpj;bat;asm;asmx</Extensions>
    </Filter>
    <Filter Include="Header Files">
      <UniqueIdentifier>{93995380-89BD-4b04-88EB-625FBE52EBFB}</UniqueIdentifier>
      <Extensions>h;hh;hpp;hxx;hm;inl;inc;xsd</Extensions>
    </Filter>
    <Filter Include="Resource Files">
      <UniqueIdentifier>{67DA6AB6-F800-4c08-8B7A-83BB121AAD01}</UniqueIdentifier>
      <Extensions>qrc;rc;ico;cur;bmp;dlg;rc2;rct;bin;rgs;gif;jpg;jpeg;jpe;resx;tiff;tif;png;wav;mfcribbon-ms</Extensions>
    </Filter>
    <Filter Include="Form Files">
      <UniqueIdentifier>{99349809-55BA-4b9d-BF79-8FDBB0286EB3}</UniqueIdentifier>
      <Extensions>ui</Extensions>
    </Filter>
    <Filter Include="Translation Files">
      <UniqueIdentifier>{639EADAA-A684-42e4-A9AD-28FC9BCB8F7C}</UniqueIdentifier>
      <Extensions>ts</Extensions>
    </Filter>
    <Filter Include="QXlsx">
      <UniqueIdentifier>{82f192ce-12d9-4e70-a606-fdbe93056847}</UniqueIdentifier>
    </Filter>
  </ItemGroup>
  <ItemGroup>
    <QtRcc Include="BDLS.qrc">
      <Filter>Resource Files</Filter>
    </QtRcc>
    <QtUic Include="BDLS.ui">
      <Filter>Form Files</Filter>
    </QtUic>
    <QtMoc Include="BDLS.h">
      <Filter>Header Files</Filter>
    </QtMoc>
    <ClCompile Include="BDLS.cpp">
      <Filter>Source Files</Filter>
    </ClCompile>
  </ItemGroup>
  <ItemGroup>
    <ClCompile Include="main.cpp">
      <Filter>Source Files</Filter>
    </ClCompile>
    <ClCompile Include="widgetLeftView.cpp">
      <Filter>Source Files</Filter>
    </ClCompile>
    <ClCompile Include="widgetRightView.cpp">
      <Filter>Source Files</Filter>
    </ClCompile>
    <ClCompile Include="widgetBottomView.cpp">
      <Filter>Source Files</Filter>
    </ClCompile>
    <ClCompile Include="..\QXlsx\source\xlsxcell.cpp">
      <Filter>QXlsx</Filter>
    </ClCompile>
    <ClCompile Include="..\QXlsx\source\xlsxcellformula.cpp">
      <Filter>QXlsx</Filter>
    </ClCompile>
    <ClCompile Include="..\QXlsx\source\xlsxcelllocation.cpp">
      <Filter>QXlsx</Filter>
    </ClCompile>
    <ClCompile Include="..\QXlsx\source\xlsxcellrange.cpp">
      <Filter>QXlsx</Filter>
    </ClCompile>
    <ClCompile Include="..\QXlsx\source\xlsxcellreference.cpp">
      <Filter>QXlsx</Filter>
    </ClCompile>
    <ClCompile Include="..\QXlsx\source\xlsxchart.cpp">
      <Filter>QXlsx</Filter>
    </ClCompile>
    <ClCompile Include="..\QXlsx\source\xlsxchartsheet.cpp">
      <Filter>QXlsx</Filter>
    </ClCompile>
    <ClCompile Include="..\QXlsx\source\xlsxcolor.cpp">
      <Filter>QXlsx</Filter>
    </ClCompile>
    <ClCompile Include="..\QXlsx\source\xlsxconditionalformatting.cpp">
      <Filter>QXlsx</Filter>
    </ClCompile>
    <ClCompile Include="..\QXlsx\source\xlsxcontenttypes.cpp">
      <Filter>QXlsx</Filter>
    </ClCompile>
    <ClCompile Include="..\QXlsx\source\xlsxdatavalidation.cpp">
      <Filter>QXlsx</Filter>
    </ClCompile>
    <ClCompile Include="..\QXlsx\source\xlsxdatetype.cpp">
      <Filter>QXlsx</Filter>
    </ClCompile>
    <ClCompile Include="..\QXlsx\source\xlsxdocpropsapp.cpp">
      <Filter>QXlsx</Filter>
    </ClCompile>
    <ClCompile Include="..\QXlsx\source\xlsxdocpropscore.cpp">
      <Filter>QXlsx</Filter>
    </ClCompile>
    <ClCompile Include="..\QXlsx\source\xlsxdocument.cpp">
      <Filter>QXlsx</Filter>
    </ClCompile>
    <ClCompile Include="..\QXlsx\source\xlsxdrawing.cpp">
      <Filter>QXlsx</Filter>
    </ClCompile>
    <ClCompile Include="..\QXlsx\source\xlsxdrawinganchor.cpp">
      <Filter>QXlsx</Filter>
    </ClCompile>
    <ClCompile Include="..\QXlsx\source\xlsxformat.cpp">
      <Filter>QXlsx</Filter>
    </ClCompile>
    <ClCompile Include="..\QXlsx\source\xlsxmediafile.cpp">
      <Filter>QXlsx</Filter>
    </ClCompile>
    <ClCompile Include="..\QXlsx\source\xlsxnumformatparser.cpp">
      <Filter>QXlsx</Filter>
    </ClCompile>
    <ClCompile Include="..\QXlsx\source\xlsxrelationships.cpp">
      <Filter>QXlsx</Filter>
    </ClCompile>
    <ClCompile Include="..\QXlsx\source\xlsxrichstring.cpp">
      <Filter>QXlsx</Filter>
    </ClCompile>
    <ClCompile Include="..\QXlsx\source\xlsxsharedstrings.cpp">
      <Filter>QXlsx</Filter>
    </ClCompile>
    <ClCompile Include="..\QXlsx\source\xlsxsimpleooxmlfile.cpp">
      <Filter>QXlsx</Filter>
    </ClCompile>
    <ClCompile Include="..\QXlsx\source\xlsxstyles.cpp">
      <Filter>QXlsx</Filter>
    </ClCompile>
    <ClCompile Include="..\QXlsx\source\xlsxtheme.cpp">
      <Filter>QXlsx</Filter>
    </ClCompile>
    <ClCompile Include="..\QXlsx\source\xlsxutility.cpp">
      <Filter>QXlsx</Filter>
    </ClCompile>
    <ClCompile Include="..\QXlsx\source\xlsxworkbook.cpp">
      <Filter>QXlsx</Filter>
    </ClCompile>
    <ClCompile Include="..\QXlsx\source\xlsxworksheet.cpp">
      <Filter>QXlsx</Filter>
    </ClCompile>
    <ClCompile Include="..\QXlsx\source\xlsxzipreader.cpp">
      <Filter>QXlsx</Filter>
    </ClCompile>
    <ClCompile Include="..\QXlsx\source\xlsxzipwriter.cpp">
      <Filter>QXlsx</Filter>
    </ClCompile>
    <ClCompile Include="..\QXlsx\source\xlsxabstractooxmlfile.cpp">
      <Filter>QXlsx</Filter>
    </ClCompile>
    <ClCompile Include="..\QXlsx\source\xlsxabstractsheet.cpp">
      <Filter>QXlsx</Filter>
    </ClCompile>
    <ClCompile Include="MySortFilterProxyModel.cpp">
      <Filter>Source Files</Filter>
    </ClCompile>
    <ClCompile Include="zoomselector.cpp">
      <Filter>Source Files</Filter>
    </ClCompile>
    <ClCompile Include="pageselector.cpp">
      <Filter>Source Files</Filter>
    </ClCompile>
    <ClCompile Include="playercontrols.cpp">
      <Filter>Source Files</Filter>
    </ClCompile>
    <ClCompile Include="videowidget.cpp">
      <Filter>Source Files</Filter>
    </ClCompile>
    <ClCompile Include="SearchControls.cpp">
      <Filter>Source Files</Filter>
    </ClCompile>
    <ClCompile Include="widgetLogin.cpp">
      <Filter>Source Files</Filter>
    </ClCompile>
    <ClCompile Include="widgetAddUser.cpp">
      <Filter>Source Files</Filter>
    </ClCompile>
    <ClCompile Include="widgetMemo.cpp">
      <Filter>Source Files</Filter>
    </ClCompile>
    <ClCompile Include="widgetProgress.cpp">
      <Filter>Source Files</Filter>
    </ClCompile>
  </ItemGroup>
  <ItemGroup>
    <QtMoc Include="widgetLeftView.h">
      <Filter>Header Files</Filter>
    </QtMoc>
    <QtMoc Include="widgetRightView.h">
      <Filter>Header Files</Filter>
    </QtMoc>
    <QtMoc Include="widgetBottomView.h">
      <Filter>Header Files</Filter>
    </QtMoc>
    <QtMoc Include="..\QXlsx\header\xlsxdocument.h">
      <Filter>QXlsx</Filter>
    </QtMoc>
    <QtMoc Include="MySortFilterProxyModel.h">
      <Filter>Header Files</Filter>
    </QtMoc>
    <QtMoc Include="pageselector.h">
      <Filter>Header Files</Filter>
    </QtMoc>
    <QtMoc Include="zoomselector.h">
      <Filter>Header Files</Filter>
    </QtMoc>
    <QtMoc Include="playercontrols.h">
      <Filter>Header Files</Filter>
    </QtMoc>
    <QtMoc Include="videowidget.h">
      <Filter>Header Files</Filter>
    </QtMoc>
    <QtMoc Include="SearchControls.h">
      <Filter>Header Files</Filter>
    </QtMoc>
    <QtMoc Include="MemoControls.h">
      <Filter>Header Files</Filter>
    </QtMoc>
    <QtMoc Include="widgetLogin.h">
      <Filter>Header Files</Filter>
    </QtMoc>
    <QtMoc Include="widgetAddUser.h">
      <Filter>Header Files</Filter>
    </QtMoc>
    <QtMoc Include="widgetMemo.h">
      <Filter>Header Files</Filter>
    </QtMoc>
    <QtMoc Include="widgetProgress.h">
      <Filter>Header Files</Filter>
    </QtMoc>
  </ItemGroup>
  <ItemGroup>
    <QtUic Include="widgetLeftView.ui">
      <Filter>Form Files</Filter>
    </QtUic>
    <QtUic Include="widgetRightView.ui">
      <Filter>Form Files</Filter>
    </QtUic>
    <QtUic Include="widgetBottomView.ui">
      <Filter>Form Files</Filter>
    </QtUic>
    <QtUic Include="widgetLogin.ui">
      <Filter>Form Files</Filter>
    </QtUic>
    <QtUic Include="widgetAddUser.ui">
      <Filter>Form Files</Filter>
    </QtUic>
    <QtUic Include="widgetMemo.ui">
      <Filter>Form Files</Filter>
    </QtUic>
    <QtUic Include="widgetProgress.ui">
      <Filter>Form Files</Filter>
    </QtUic>
  </ItemGroup>
  <ItemGroup>
    <ClInclude Include="..\QXlsx\header\xlsxstyles_p.h">
      <Filter>QXlsx</Filter>
    </ClInclude>
    <ClInclude Include="..\QXlsx\header\xlsxtheme_p.h">
      <Filter>QXlsx</Filter>
    </ClInclude>
    <ClInclude Include="..\QXlsx\header\xlsxutility_p.h">
      <Filter>QXlsx</Filter>
    </ClInclude>
    <ClInclude Include="..\QXlsx\header\xlsxworkbook.h">
      <Filter>QXlsx</Filter>
    </ClInclude>
    <ClInclude Include="..\QXlsx\header\xlsxworkbook_p.h">
      <Filter>QXlsx</Filter>
    </ClInclude>
    <ClInclude Include="..\QXlsx\header\xlsxworksheet.h">
      <Filter>QXlsx</Filter>
    </ClInclude>
    <ClInclude Include="..\QXlsx\header\xlsxworksheet_p.h">
      <Filter>QXlsx</Filter>
    </ClInclude>
    <ClInclude Include="..\QXlsx\header\xlsxzipreader_p.h">
      <Filter>QXlsx</Filter>
    </ClInclude>
    <ClInclude Include="..\QXlsx\header\xlsxzipwriter_p.h">
      <Filter>QXlsx</Filter>
    </ClInclude>
    <ClInclude Include="..\QXlsx\header\xlsxabstractooxmlfile.h">
      <Filter>QXlsx</Filter>
    </ClInclude>
    <ClInclude Include="..\QXlsx\header\xlsxabstractooxmlfile_p.h">
      <Filter>QXlsx</Filter>
    </ClInclude>
    <ClInclude Include="..\QXlsx\header\xlsxabstractsheet.h">
      <Filter>QXlsx</Filter>
    </ClInclude>
    <ClInclude Include="..\QXlsx\header\xlsxabstractsheet_p.h">
      <Filter>QXlsx</Filter>
    </ClInclude>
    <ClInclude Include="..\QXlsx\header\xlsxcell.h">
      <Filter>QXlsx</Filter>
    </ClInclude>
    <ClInclude Include="..\QXlsx\header\xlsxcell_p.h">
      <Filter>QXlsx</Filter>
    </ClInclude>
    <ClInclude Include="..\QXlsx\header\xlsxcellformula.h">
      <Filter>QXlsx</Filter>
    </ClInclude>
    <ClInclude Include="..\QXlsx\header\xlsxcellformula_p.h">
      <Filter>QXlsx</Filter>
    </ClInclude>
    <ClInclude Include="..\QXlsx\header\xlsxcelllocation.h">
      <Filter>QXlsx</Filter>
    </ClInclude>
    <ClInclude Include="..\QXlsx\header\xlsxcellrange.h">
      <Filter>QXlsx</Filter>
    </ClInclude>
    <ClInclude Include="..\QXlsx\header\xlsxcellreference.h">
      <Filter>QXlsx</Filter>
    </ClInclude>
    <ClInclude Include="..\QXlsx\header\xlsxchart.h">
      <Filter>QXlsx</Filter>
    </ClInclude>
    <ClInclude Include="..\QXlsx\header\xlsxchart_p.h">
      <Filter>QXlsx</Filter>
    </ClInclude>
    <ClInclude Include="..\QXlsx\header\xlsxchartsheet.h">
      <Filter>QXlsx</Filter>
    </ClInclude>
    <ClInclude Include="..\QXlsx\header\xlsxchartsheet_p.h">
      <Filter>QXlsx</Filter>
    </ClInclude>
    <ClInclude Include="..\QXlsx\header\xlsxcolor_p.h">
      <Filter>QXlsx</Filter>
    </ClInclude>
    <ClInclude Include="..\QXlsx\header\xlsxconditionalformatting.h">
      <Filter>QXlsx</Filter>
    </ClInclude>
    <ClInclude Include="..\QXlsx\header\xlsxconditionalformatting_p.h">
      <Filter>QXlsx</Filter>
    </ClInclude>
    <ClInclude Include="..\QXlsx\header\xlsxcontenttypes_p.h">
      <Filter>QXlsx</Filter>
    </ClInclude>
    <ClInclude Include="..\QXlsx\header\xlsxdatavalidation.h">
      <Filter>QXlsx</Filter>
    </ClInclude>
    <ClInclude Include="..\QXlsx\header\xlsxdatavalidation_p.h">
      <Filter>QXlsx</Filter>
    </ClInclude>
    <ClInclude Include="..\QXlsx\header\xlsxdatetype.h">
      <Filter>QXlsx</Filter>
    </ClInclude>
    <ClInclude Include="..\QXlsx\header\xlsxdocpropsapp_p.h">
      <Filter>QXlsx</Filter>
    </ClInclude>
    <ClInclude Include="..\QXlsx\header\xlsxdocpropscore_p.h">
      <Filter>QXlsx</Filter>
    </ClInclude>
    <ClInclude Include="..\QXlsx\header\xlsxdocument_p.h">
      <Filter>QXlsx</Filter>
    </ClInclude>
    <ClInclude Include="..\QXlsx\header\xlsxdrawing_p.h">
      <Filter>QXlsx</Filter>
    </ClInclude>
    <ClInclude Include="..\QXlsx\header\xlsxdrawinganchor_p.h">
      <Filter>QXlsx</Filter>
    </ClInclude>
    <ClInclude Include="..\QXlsx\header\xlsxformat.h">
      <Filter>QXlsx</Filter>
    </ClInclude>
    <ClInclude Include="..\QXlsx\header\xlsxformat_p.h">
      <Filter>QXlsx</Filter>
    </ClInclude>
    <ClInclude Include="..\QXlsx\header\xlsxglobal.h">
      <Filter>QXlsx</Filter>
    </ClInclude>
    <ClInclude Include="..\QXlsx\header\xlsxmediafile_p.h">
      <Filter>QXlsx</Filter>
    </ClInclude>
    <ClInclude Include="..\QXlsx\header\xlsxnumformatparser_p.h">
      <Filter>QXlsx</Filter>
    </ClInclude>
    <ClInclude Include="..\QXlsx\header\xlsxrelationships_p.h">
      <Filter>QXlsx</Filter>
    </ClInclude>
    <ClInclude Include="..\QXlsx\header\xlsxrichstring.h">
      <Filter>QXlsx</Filter>
    </ClInclude>
    <ClInclude Include="..\QXlsx\header\xlsxrichstring_p.h">
      <Filter>QXlsx</Filter>
    </ClInclude>
    <ClInclude Include="..\QXlsx\header\xlsxsharedstrings_p.h">
      <Filter>QXlsx</Filter>
    </ClInclude>
    <ClInclude Include="..\QXlsx\header\xlsxsimpleooxmlfile_p.h">
      <Filter>QXlsx</Filter>
    </ClInclude>
    <ClInclude Include="db_manager.h">
      <Filter>Header Files</Filter>
    </ClInclude>
  </ItemGroup>
  <ItemGroup>
    <None Include="cpp.hint" />
  </ItemGroup>
</Project>